// !$*UTF8*$!
{
	archiveVersion = 1;
	classes = {
	};
	objectVersion = 46;
	objects = {

/* Begin PBXBuildFile section */
		631DEB0B1A77B2EF008396D2 /* Sparkle.framework in Frameworks */ = {isa = PBXBuildFile; fileRef = 631DEB0A1A77B2EF008396D2 /* Sparkle.framework */; };
		631DEB0D1A77B30D008396D2 /* Sparkle.framework in CopyFiles */ = {isa = PBXBuildFile; fileRef = 631DEB0A1A77B2EF008396D2 /* Sparkle.framework */; settings = {ATTRIBUTES = (CodeSignOnCopy, RemoveHeadersOnCopy, ); }; };
		631DEB0F1A77B49F008396D2 /* dsa_pub.pem in Resources */ = {isa = PBXBuildFile; fileRef = 631DEB0E1A77B49F008396D2 /* dsa_pub.pem */; };
		6343467419ACE1AA008396D2 /* Cocoa.framework in Frameworks */ = {isa = PBXBuildFile; fileRef = 6343467319ACE1AA008396D2 /* Cocoa.framework */; };
		6343467619ACE1AA008396D2 /* AppleScriptObjC.framework in Frameworks */ = {isa = PBXBuildFile; fileRef = 6343467519ACE1AA008396D2 /* AppleScriptObjC.framework */; };
		6343468019ACE1AA008396D2 /* InfoPlist.strings in Resources */ = {isa = PBXBuildFile; fileRef = 6343467E19ACE1AA008396D2 /* InfoPlist.strings */; };
		6343468219ACE1AA008396D2 /* main.m in Sources */ = {isa = PBXBuildFile; fileRef = 6343468119ACE1AA008396D2 /* main.m */; };
		6343468619ACE1AA008396D2 /* Credits.rtf in Resources */ = {isa = PBXBuildFile; fileRef = 6343468419ACE1AA008396D2 /* Credits.rtf */; };
		6343468819ACE1AA008396D2 /* DASAppDelegate.applescript in Sources */ = {isa = PBXBuildFile; fileRef = 6343468719ACE1AA008396D2 /* DASAppDelegate.applescript */; };
		6343468D19ACE1AA008396D2 /* Images.xcassets in Resources */ = {isa = PBXBuildFile; fileRef = 6343468C19ACE1AA008396D2 /* Images.xcassets */; };
		63CC7B8B1A741968008396D2 /* Icon.icns in Resources */ = {isa = PBXBuildFile; fileRef = 63CC7B8A1A741968008396D2 /* Icon.icns */; };
		63CC7B8D1A7419F5008396D2 /* Icon.svg in Resources */ = {isa = PBXBuildFile; fileRef = 63CC7B8C1A7419F5008396D2 /* Icon.svg */; };
		63E5FA731A785D29008396D2 /* MainMenu.xib in Resources */ = {isa = PBXBuildFile; fileRef = 6343468919ACE1AA008396D2 /* MainMenu.xib */; };
		63FF09B01AEBE6240011DB73 /* mmcat.sh in Resources */ = {isa = PBXBuildFile; fileRef = 63FF09AF1AEBE6240011DB73 /* mmcat.sh */; };
/* End PBXBuildFile section */

/* Begin PBXCopyFilesBuildPhase section */
		631DEB0C1A77B304008396D2 /* CopyFiles */ = {
			isa = PBXCopyFilesBuildPhase;
			buildActionMask = 2147483647;
			dstPath = "";
			dstSubfolderSpec = 10;
			files = (
				631DEB0D1A77B30D008396D2 /* Sparkle.framework in CopyFiles */,
			);
			runOnlyForDeploymentPostprocessing = 0;
		};
/* End PBXCopyFilesBuildPhase section */

/* Begin PBXFileReference section */
		631DEB0A1A77B2EF008396D2 /* Sparkle.framework */ = {isa = PBXFileReference; lastKnownFileType = wrapper.framework; path = Sparkle.framework; sourceTree = "<group>"; };
		631DEB0E1A77B49F008396D2 /* dsa_pub.pem */ = {isa = PBXFileReference; fileEncoding = 4; lastKnownFileType = text; path = dsa_pub.pem; sourceTree = "<group>"; };
		6343467019ACE1AA008396D2 /* Track Concatenator.app */ = {isa = PBXFileReference; explicitFileType = wrapper.application; includeInIndex = 0; path = "Track Concatenator.app"; sourceTree = BUILT_PRODUCTS_DIR; };
		6343467319ACE1AA008396D2 /* Cocoa.framework */ = {isa = PBXFileReference; lastKnownFileType = wrapper.framework; name = Cocoa.framework; path = System/Library/Frameworks/Cocoa.framework; sourceTree = SDKROOT; };
		6343467519ACE1AA008396D2 /* AppleScriptObjC.framework */ = {isa = PBXFileReference; lastKnownFileType = wrapper.framework; name = AppleScriptObjC.framework; path = System/Library/Frameworks/AppleScriptObjC.framework; sourceTree = SDKROOT; };
		6343467819ACE1AA008396D2 /* AppKit.framework */ = {isa = PBXFileReference; lastKnownFileType = wrapper.framework; name = AppKit.framework; path = System/Library/Frameworks/AppKit.framework; sourceTree = SDKROOT; };
		6343467919ACE1AA008396D2 /* CoreData.framework */ = {isa = PBXFileReference; lastKnownFileType = wrapper.framework; name = CoreData.framework; path = System/Library/Frameworks/CoreData.framework; sourceTree = SDKROOT; };
		6343467A19ACE1AA008396D2 /* Foundation.framework */ = {isa = PBXFileReference; lastKnownFileType = wrapper.framework; name = Foundation.framework; path = System/Library/Frameworks/Foundation.framework; sourceTree = SDKROOT; };
		6343467D19ACE1AA008396D2 /* Track Concatenator-Info.plist */ = {isa = PBXFileReference; lastKnownFileType = text.plist.xml; path = "Track Concatenator-Info.plist"; sourceTree = "<group>"; };
		6343467F19ACE1AA008396D2 /* en */ = {isa = PBXFileReference; lastKnownFileType = text.plist.strings; name = en; path = en.lproj/InfoPlist.strings; sourceTree = "<group>"; };
		6343468119ACE1AA008396D2 /* main.m */ = {isa = PBXFileReference; lastKnownFileType = sourcecode.c.objc; path = main.m; sourceTree = "<group>"; };
		6343468319ACE1AA008396D2 /* Track Concatenator-Prefix.pch */ = {isa = PBXFileReference; lastKnownFileType = sourcecode.c.h; path = "Track Concatenator-Prefix.pch"; sourceTree = "<group>"; };
		6343468519ACE1AA008396D2 /* en */ = {isa = PBXFileReference; lastKnownFileType = text.rtf; name = en; path = en.lproj/Credits.rtf; sourceTree = "<group>"; };
		6343468719ACE1AA008396D2 /* DASAppDelegate.applescript */ = {isa = PBXFileReference; lastKnownFileType = sourcecode.applescript; path = DASAppDelegate.applescript; sourceTree = "<group>"; };
		6343468A19ACE1AA008396D2 /* Base */ = {isa = PBXFileReference; lastKnownFileType = file.xib; name = Base; path = Base.lproj/MainMenu.xib; sourceTree = "<group>"; };
		6343468C19ACE1AA008396D2 /* Images.xcassets */ = {isa = PBXFileReference; lastKnownFileType = folder.assetcatalog; path = Images.xcassets; sourceTree = "<group>"; };
		63CC7B8A1A741968008396D2 /* Icon.icns */ = {isa = PBXFileReference; lastKnownFileType = image.icns; path = Icon.icns; sourceTree = "<group>"; };
		63CC7B8C1A7419F5008396D2 /* Icon.svg */ = {isa = PBXFileReference; fileEncoding = 4; lastKnownFileType = text.xml; path = Icon.svg; sourceTree = "<group>"; };
		63FF09AF1AEBE6240011DB73 /* mmcat.sh */ = {isa = PBXFileReference; fileEncoding = 4; lastKnownFileType = text.script.sh; path = mmcat.sh; sourceTree = "<group>"; };
/* End PBXFileReference section */

/* Begin PBXFrameworksBuildPhase section */
		6343466D19ACE1AA008396D2 /* Frameworks */ = {
			isa = PBXFrameworksBuildPhase;
			buildActionMask = 2147483647;
			files = (
				6343467619ACE1AA008396D2 /* AppleScriptObjC.framework in Frameworks */,
				631DEB0B1A77B2EF008396D2 /* Sparkle.framework in Frameworks */,
				6343467419ACE1AA008396D2 /* Cocoa.framework in Frameworks */,
			);
			runOnlyForDeploymentPostprocessing = 0;
		};
/* End PBXFrameworksBuildPhase section */

/* Begin PBXGroup section */
		6343466719ACE1AA008396D2 = {
			isa = PBXGroup;
			children = (
				6343467B19ACE1AA008396D2 /* itunes-concatenator */,
				6343467219ACE1AA008396D2 /* Frameworks */,
				6343467119ACE1AA008396D2 /* Products */,
			);
			sourceTree = "<group>";
		};
		6343467119ACE1AA008396D2 /* Products */ = {
			isa = PBXGroup;
			children = (
				6343467019ACE1AA008396D2 /* Track Concatenator.app */,
			);
			name = Products;
			sourceTree = "<group>";
		};
		6343467219ACE1AA008396D2 /* Frameworks */ = {
			isa = PBXGroup;
			children = (
				631DEB0A1A77B2EF008396D2 /* Sparkle.framework */,
				6343467319ACE1AA008396D2 /* Cocoa.framework */,
				6343467519ACE1AA008396D2 /* AppleScriptObjC.framework */,
				6343467719ACE1AA008396D2 /* Other Frameworks */,
			);
			name = Frameworks;
			sourceTree = "<group>";
		};
		6343467719ACE1AA008396D2 /* Other Frameworks */ = {
			isa = PBXGroup;
			children = (
				6343467819ACE1AA008396D2 /* AppKit.framework */,
				6343467919ACE1AA008396D2 /* CoreData.framework */,
				6343467A19ACE1AA008396D2 /* Foundation.framework */,
			);
			name = "Other Frameworks";
			sourceTree = "<group>";
		};
		6343467B19ACE1AA008396D2 /* itunes-concatenator */ = {
			isa = PBXGroup;
			children = (
				6343468719ACE1AA008396D2 /* DASAppDelegate.applescript */,
				63CC7B8C1A7419F5008396D2 /* Icon.svg */,
				63CC7B8A1A741968008396D2 /* Icon.icns */,
				6343468919ACE1AA008396D2 /* MainMenu.xib */,
				6343468C19ACE1AA008396D2 /* Images.xcassets */,
				6343467C19ACE1AA008396D2 /* Supporting Files */,
			);
			path = "itunes-concatenator";
			sourceTree = "<group>";
		};
		6343467C19ACE1AA008396D2 /* Supporting Files */ = {
			isa = PBXGroup;
			children = (
				631DEB0E1A77B49F008396D2 /* dsa_pub.pem */,
				6343467D19ACE1AA008396D2 /* Track Concatenator-Info.plist */,
				6343467E19ACE1AA008396D2 /* InfoPlist.strings */,
				6343468119ACE1AA008396D2 /* main.m */,
				63FF09AF1AEBE6240011DB73 /* mmcat.sh */,
				6343468319ACE1AA008396D2 /* Track Concatenator-Prefix.pch */,
				6343468419ACE1AA008396D2 /* Credits.rtf */,
			);
			name = "Supporting Files";
			sourceTree = "<group>";
		};
/* End PBXGroup section */

/* Begin PBXNativeTarget section */
		6343466F19ACE1AA008396D2 /* Track Concatenator */ = {
			isa = PBXNativeTarget;
			buildConfigurationList = 6343469019ACE1AA008396D2 /* Build configuration list for PBXNativeTarget "Track Concatenator" */;
			buildPhases = (
				6343466C19ACE1AA008396D2 /* Sources */,
				6343466D19ACE1AA008396D2 /* Frameworks */,
				6343466E19ACE1AA008396D2 /* Resources */,
				631DEB0C1A77B304008396D2 /* CopyFiles */,
			);
			buildRules = (
			);
			dependencies = (
			);
			name = "Track Concatenator";
			productName = "itunes-concatenator";
			productReference = 6343467019ACE1AA008396D2 /* Track Concatenator.app */;
			productType = "com.apple.product-type.application";
		};
/* End PBXNativeTarget section */

/* Begin PBXProject section */
		6343466819ACE1AA008396D2 /* Project object */ = {
			isa = PBXProject;
			attributes = {
				CLASSPREFIX = DAS;
				LastUpgradeCheck = 0510;
				ORGANIZATIONNAME = "David Schlachter";
			};
			buildConfigurationList = 6343466B19ACE1AA008396D2 /* Build configuration list for PBXProject "Track Concatenator" */;
			compatibilityVersion = "Xcode 3.2";
			developmentRegion = English;
			hasScannedForEncodings = 0;
			knownRegions = (
				en,
				Base,
			);
			mainGroup = 6343466719ACE1AA008396D2;
			productRefGroup = 6343467119ACE1AA008396D2 /* Products */;
			projectDirPath = "";
			projectRoot = "";
			targets = (
				6343466F19ACE1AA008396D2 /* Track Concatenator */,
			);
		};
/* End PBXProject section */

/* Begin PBXResourcesBuildPhase section */
		6343466E19ACE1AA008396D2 /* Resources */ = {
			isa = PBXResourcesBuildPhase;
			buildActionMask = 2147483647;
			files = (
				63E5FA731A785D29008396D2 /* MainMenu.xib in Resources */,
				631DEB0F1A77B49F008396D2 /* dsa_pub.pem in Resources */,
				6343468019ACE1AA008396D2 /* InfoPlist.strings in Resources */,
				63FF09B01AEBE6240011DB73 /* mmcat.sh in Resources */,
				6343468D19ACE1AA008396D2 /* Images.xcassets in Resources */,
				63CC7B8B1A741968008396D2 /* Icon.icns in Resources */,
				6343468619ACE1AA008396D2 /* Credits.rtf in Resources */,
				63CC7B8D1A7419F5008396D2 /* Icon.svg in Resources */,
			);
			runOnlyForDeploymentPostprocessing = 0;
		};
/* End PBXResourcesBuildPhase section */

/* Begin PBXSourcesBuildPhase section */
		6343466C19ACE1AA008396D2 /* Sources */ = {
			isa = PBXSourcesBuildPhase;
			buildActionMask = 2147483647;
			files = (
				6343468219ACE1AA008396D2 /* main.m in Sources */,
				6343468819ACE1AA008396D2 /* DASAppDelegate.applescript in Sources */,
			);
			runOnlyForDeploymentPostprocessing = 0;
		};
/* End PBXSourcesBuildPhase section */

/* Begin PBXVariantGroup section */
		6343467E19ACE1AA008396D2 /* InfoPlist.strings */ = {
			isa = PBXVariantGroup;
			children = (
				6343467F19ACE1AA008396D2 /* en */,
			);
			name = InfoPlist.strings;
			sourceTree = "<group>";
		};
		6343468419ACE1AA008396D2 /* Credits.rtf */ = {
			isa = PBXVariantGroup;
			children = (
				6343468519ACE1AA008396D2 /* en */,
			);
			name = Credits.rtf;
			sourceTree = "<group>";
		};
		6343468919ACE1AA008396D2 /* MainMenu.xib */ = {
			isa = PBXVariantGroup;
			children = (
				6343468A19ACE1AA008396D2 /* Base */,
			);
			name = MainMenu.xib;
			sourceTree = "<group>";
		};
/* End PBXVariantGroup section */

/* Begin XCBuildConfiguration section */
		6343468E19ACE1AA008396D2 /* Debug */ = {
			isa = XCBuildConfiguration;
			buildSettings = {
				ALWAYS_SEARCH_USER_PATHS = NO;
				CLANG_CXX_LANGUAGE_STANDARD = "gnu++0x";
				CLANG_CXX_LIBRARY = "libc++";
				CLANG_ENABLE_MODULES = YES;
				CLANG_ENABLE_OBJC_ARC = YES;
				CLANG_WARN_BOOL_CONVERSION = YES;
				CLANG_WARN_CONSTANT_CONVERSION = YES;
				CLANG_WARN_DIRECT_OBJC_ISA_USAGE = YES_ERROR;
				CLANG_WARN_EMPTY_BODY = YES;
				CLANG_WARN_ENUM_CONVERSION = YES;
				CLANG_WARN_INT_CONVERSION = YES;
				CLANG_WARN_OBJC_ROOT_CLASS = YES_ERROR;
				CLANG_WARN__DUPLICATE_METHOD_MATCH = YES;
				COPY_PHASE_STRIP = NO;
				GCC_C_LANGUAGE_STANDARD = gnu99;
				GCC_DYNAMIC_NO_PIC = NO;
				GCC_ENABLE_OBJC_EXCEPTIONS = YES;
				GCC_OPTIMIZATION_LEVEL = 0;
				GCC_PREPROCESSOR_DEFINITIONS = (
					"DEBUG=1",
					"$(inherited)",
				);
				GCC_SYMBOLS_PRIVATE_EXTERN = NO;
				GCC_WARN_64_TO_32_BIT_CONVERSION = YES;
				GCC_WARN_ABOUT_RETURN_TYPE = YES_ERROR;
				GCC_WARN_UNDECLARED_SELECTOR = YES;
				GCC_WARN_UNINITIALIZED_AUTOS = YES_AGGRESSIVE;
				GCC_WARN_UNUSED_FUNCTION = YES;
				GCC_WARN_UNUSED_VARIABLE = YES;
				MACOSX_DEPLOYMENT_TARGET = 10.9;
				ONLY_ACTIVE_ARCH = YES;
				OTHER_LDFLAGS = "-Wl,-rpath,@loader_path/../Frameworks";
				SDKROOT = macosx;
			};
			name = Debug;
		};
		6343468F19ACE1AA008396D2 /* Release */ = {
			isa = XCBuildConfiguration;
			buildSettings = {
				ALWAYS_SEARCH_USER_PATHS = NO;
				CLANG_CXX_LANGUAGE_STANDARD = "gnu++0x";
				CLANG_CXX_LIBRARY = "libc++";
				CLANG_ENABLE_MODULES = YES;
				CLANG_ENABLE_OBJC_ARC = YES;
				CLANG_WARN_BOOL_CONVERSION = YES;
				CLANG_WARN_CONSTANT_CONVERSION = YES;
				CLANG_WARN_DIRECT_OBJC_ISA_USAGE = YES_ERROR;
				CLANG_WARN_EMPTY_BODY = YES;
				CLANG_WARN_ENUM_CONVERSION = YES;
				CLANG_WARN_INT_CONVERSION = YES;
				CLANG_WARN_OBJC_ROOT_CLASS = YES_ERROR;
				CLANG_WARN__DUPLICATE_METHOD_MATCH = YES;
				COPY_PHASE_STRIP = YES;
				DEBUG_INFORMATION_FORMAT = "dwarf-with-dsym";
				ENABLE_NS_ASSERTIONS = NO;
				GCC_C_LANGUAGE_STANDARD = gnu99;
				GCC_ENABLE_OBJC_EXCEPTIONS = YES;
				GCC_WARN_64_TO_32_BIT_CONVERSION = YES;
				GCC_WARN_ABOUT_RETURN_TYPE = YES_ERROR;
				GCC_WARN_UNDECLARED_SELECTOR = YES;
				GCC_WARN_UNINITIALIZED_AUTOS = YES_AGGRESSIVE;
				GCC_WARN_UNUSED_FUNCTION = YES;
				GCC_WARN_UNUSED_VARIABLE = YES;
				MACOSX_DEPLOYMENT_TARGET = 10.9;
				OTHER_LDFLAGS = "-Wl,-rpath,@loader_path/../Frameworks";
				SDKROOT = macosx;
			};
			name = Release;
		};
		6343469119ACE1AA008396D2 /* Debug */ = {
			isa = XCBuildConfiguration;
			buildSettings = {
				ASSETCATALOG_COMPILER_APPICON_NAME = AppIcon;
				COMBINE_HIDPI_IMAGES = YES;
				FRAMEWORK_SEARCH_PATHS = (
					"$(inherited)",
					"$(PROJECT_DIR)",
				);
				GCC_PRECOMPILE_PREFIX_HEADER = YES;
				GCC_PREFIX_HEADER = "itunes-concatenator/Track Concatenator-Prefix.pch";
				INFOPLIST_FILE = "itunes-concatenator/Track Concatenator-Info.plist";
				OTHER_LDFLAGS = "-Wl,-rpath,@loader_path/../Frameworks";
				PRODUCT_NAME = "Track Concatenator";
				WRAPPER_EXTENSION = app;
			};
			name = Debug;
		};
		6343469219ACE1AA008396D2 /* Release */ = {
			isa = XCBuildConfiguration;
			buildSettings = {
				ASSETCATALOG_COMPILER_APPICON_NAME = AppIcon;
				COMBINE_HIDPI_IMAGES = YES;
				FRAMEWORK_SEARCH_PATHS = (
					"$(inherited)",
					"$(PROJECT_DIR)",
				);
				GCC_PRECOMPILE_PREFIX_HEADER = YES;
				GCC_PREFIX_HEADER = "itunes-concatenator/Track Concatenator-Prefix.pch";
				INFOPLIST_FILE = "itunes-concatenator/Track Concatenator-Info.plist";
				OTHER_LDFLAGS = "-Wl,-rpath,@loader_path/../Frameworks";
				PRODUCT_NAME = "Track Concatenator";
				WRAPPER_EXTENSION = app;
			};
			name = Release;
		};
/* End XCBuildConfiguration section */

/* Begin XCConfigurationList section */
		6343466B19ACE1AA008396D2 /* Build configuration list for PBXProject "Track Concatenator" */ = {
			isa = XCConfigurationList;
			buildConfigurations = (
				6343468E19ACE1AA008396D2 /* Debug */,
				6343468F19ACE1AA008396D2 /* Release */,
			);
			defaultConfigurationIsVisible = 0;
			defaultConfigurationName = Release;
		};
		6343469019ACE1AA008396D2 /* Build configuration list for PBXNativeTarget "Track Concatenator" */ = {
			isa = XCConfigurationList;
			buildConfigurations = (
				6343469119ACE1AA008396D2 /* Debug */,
				6343469219ACE1AA008396D2 /* Release */,
			);
			defaultConfigurationIsVisible = 0;
			defaultConfigurationName = Release;
		};
/* End XCConfigurationList section */
	};
	rootObject = 6343466819ACE1AA008396D2 /* Project object */;
}
